Microsoft Visual Studio Solution File, Format Version 12.00
# Visual Studio Version 17
VisualStudioVersion = 17.5.2.0
MinimumVisualStudioVersion = 10.0.40219.1
Project("{FAE04EC0-301F-11D3-BF4B-00C04F79EFBC}") = "lab2-zadanie1", "lab2-zadanie1.csproj", "{7623A57A-3BF5-62D6-E241-710A550D0A7E}"
EndProject
Global
	GlobalSection(SolutionConfigurationPlatforms) = preSolution
		Debug|Any CPU = Debug|Any CPU
		Release|Any CPU = Release|Any CPU
	EndGlobalSection
	GlobalSection(ProjectConfigurationPlatforms) = postSolution
		{7623A57A-3BF5-62D6-E241-710A550D0A7E}.Debug|Any CPU.ActiveCfg = Debug|Any CPU
		{7623A57A-3BF5-62D6-E241-710A550D0A7E}.Debug|Any CPU.Build.0 = Debug|Any CPU
		{7623A57A-3BF5-62D6-E241-710A550D0A7E}.Release|Any CPU.ActiveCfg = Release|Any CPU
		{7623A57A-3BF5-62D6-E241-710A550D0A7E}.Release|Any CPU.Build.0 = Release|Any CPU
	EndGlobalSection
	GlobalSection(SolutionProperties) = preSolution
		HideSolutionNode = FALSE
	EndGlobalSection
	GlobalSection(ExtensibilityGlobals) = postSolution
		SolutionGuid = {B87DA560-D6AF-45CD-9B7F-24432AA40383}
	EndGlobalSection
EndGlobal
